
Microsoft Visual Studio Solution File, Format Version 12.00
# Visual Studio Version 16
VisualStudioVersion = 16.0.31624.102
MinimumVisualStudioVersion = 10.0.40219.1
Project("{FAE04EC0-301F-11D3-BF4B-00C04F79EFBC}") = "OSProject", "OSProject\OSProject.csproj", "{393AEBB2-E831-4551-848B-F8DD9DAA6A65}"
EndProject
Global
	GlobalSection(SolutionConfigurationPlatforms) = preSolution
		Debug|Any CPU = Debug|Any CPU
		Release|Any CPU = Release|Any CPU
	EndGlobalSection
	GlobalSection(ProjectConfigurationPlatforms) = postSolution
		{393AEBB2-E831-4551-848B-F8DD9DAA6A65}.Debug|Any CPU.ActiveCfg = Debug|Any CPU
		{393AEBB2-E831-4551-848B-F8DD9DAA6A65}.Debug|Any CPU.Build.0 = Debug|Any CPU
		{393AEBB2-E831-4551-848B-F8DD9DAA6A65}.Release|Any CPU.ActiveCfg = Release|Any CPU
		{393AEBB2-E831-4551-848B-F8DD9DAA6A65}.Release|Any CPU.Build.0 = Release|Any CPU
	EndGlobalSection
	GlobalSection(SolutionProperties) = preSolution
		HideSolutionNode = FALSE
	EndGlobalSection
	GlobalSection(ExtensibilityGlobals) = postSolution
		SolutionGuid = {AFC23755-2751-44FF-9E7A-DEE3C0A8C0D9}
	EndGlobalSection
EndGlobal
